
Microsoft Visual Studio Solution File, Format Version 12.00
# Visual Studio Version 16
VisualStudioVersion = 16.0.29424.173
MinimumVisualStudioVersion = 10.0.40219.1
Project("{FAE04EC0-301F-11D3-BF4B-00C04F79EFBC}") = "antalyakitchen.Android", "antalyakitchen\antalyakitchen.Android\antalyakitchen.Android.csproj", "{F641E640-7E52-413E-A084-4A32DA5207A6}"
EndProject
Project("{FAE04EC0-301F-11D3-BF4B-00C04F79EFBC}") = "antalyakitchen.iOS", "antalyakitchen\antalyakitchen.iOS\antalyakitchen.iOS.csproj", "{47405F56-7D53-4253-8E5E-C6D21AFE67DD}"
EndProject
Project("{FAE04EC0-301F-11D3-BF4B-00C04F79EFBC}") = "antalyakitchen", "antalyakitchen\antalyakitchen\antalyakitchen.csproj", "{930F3366-A9BE-4EFF-A4B3-D31C4F75915A}"
EndProject
Global
	GlobalSection(SolutionConfigurationPlatforms) = preSolution
		Debug|Any CPU = Debug|Any CPU
		Debug|iPhone = Debug|iPhone
		Debug|iPhoneSimulator = Debug|iPhoneSimulator
		Release|Any CPU = Release|Any CPU
		Release|iPhone = Release|iPhone
		Release|iPhoneSimulator = Release|iPhoneSimulator
	EndGlobalSection
	GlobalSection(ProjectConfigurationPlatforms) = postSolution
		{F641E640-7E52-413E-A084-4A32DA5207A6}.Debug|Any CPU.ActiveCfg = Debug|Any CPU
		{F641E640-7E52-413E-A084-4A32DA5207A6}.Debug|Any CPU.Build.0 = Debug|Any CPU
		{F641E640-7E52-413E-A084-4A32DA5207A6}.Debug|Any CPU.Deploy.0 = Debug|Any CPU
		{F641E640-7E52-413E-A084-4A32DA5207A6}.Debug|iPhone.ActiveCfg = Debug|Any CPU
		{F641E640-7E52-413E-A084-4A32DA5207A6}.Debug|iPhone.Build.0 = Debug|Any CPU
		{F641E640-7E52-413E-A084-4A32DA5207A6}.Debug|iPhone.Deploy.0 = Debug|Any CPU
		{F641E640-7E52-413E-A084-4A32DA5207A6}.Debug|iPhoneSimulator.ActiveCfg = Debug|Any CPU
		{F641E640-7E52-413E-A084-4A32DA5207A6}.Debug|iPhoneSimulator.Build.0 = Debug|Any CPU
		{F641E640-7E52-413E-A084-4A32DA5207A6}.Debug|iPhoneSimulator.Deploy.0 = Debug|Any CPU
		{F641E640-7E52-413E-A084-4A32DA5207A6}.Release|Any CPU.ActiveCfg = Release|Any CPU
		{F641E640-7E52-413E-A084-4A32DA5207A6}.Release|Any CPU.Build.0 = Release|Any CPU
		{F641E640-7E52-413E-A084-4A32DA5207A6}.Release|Any CPU.Deploy.0 = Release|Any CPU
		{F641E640-7E52-413E-A084-4A32DA5207A6}.Release|iPhone.ActiveCfg = Release|Any CPU
		{F641E640-7E52-413E-A084-4A32DA5207A6}.Release|iPhone.Build.0 = Release|Any CPU
		{F641E640-7E52-413E-A084-4A32DA5207A6}.Release|iPhone.Deploy.0 = Release|Any CPU
		{F641E640-7E52-413E-A084-4A32DA5207A6}.Release|iPhoneSimulator.ActiveCfg = Release|Any CPU
		{F641E640-7E52-413E-A084-4A32DA5207A6}.Release|iPhoneSimulator.Build.0 = Release|Any CPU
		{F641E640-7E52-413E-A084-4A32DA5207A6}.Release|iPhoneSimulator.Deploy.0 = Release|Any CPU
		{47405F56-7D53-4253-8E5E-C6D21AFE67DD}.Debug|Any CPU.ActiveCfg = Debug|iPhoneSimulator
		{47405F56-7D53-4253-8E5E-C6D21AFE67DD}.Debug|Any CPU.Build.0 = Debug|iPhoneSimulator
		{47405F56-7D53-4253-8E5E-C6D21AFE67DD}.Debug|Any CPU.Deploy.0 = Debug|iPhoneSimulator
		{47405F56-7D53-4253-8E5E-C6D21AFE67DD}.Debug|iPhone.ActiveCfg = Debug|iPhone
		{47405F56-7D53-4253-8E5E-C6D21AFE67DD}.Debug|iPhone.Build.0 = Debug|iPhone
		{47405F56-7D53-4253-8E5E-C6D21AFE67DD}.Debug|iPhone.Deploy.0 = Debug|iPhone
		{47405F56-7D53-4253-8E5E-C6D21AFE67DD}.Debug|iPhoneSimulator.ActiveCfg = Debug|iPhoneSimulator
		{47405F56-7D53-4253-8E5E-C6D21AFE67DD}.Debug|iPhoneSimulator.Build.0 = Debug|iPhoneSimulator
		{47405F56-7D53-4253-8E5E-C6D21AFE67DD}.Debug|iPhoneSimulator.Deploy.0 = Debug|iPhoneSimulator
		{47405F56-7D53-4253-8E5E-C6D21AFE67DD}.Release|Any CPU.ActiveCfg = Release|iPhone
		{47405F56-7D53-4253-8E5E-C6D21AFE67DD}.Release|Any CPU.Build.0 = Release|iPhone
		{47405F56-7D53-4253-8E5E-C6D21AFE67DD}.Release|Any CPU.Deploy.0 = Release|iPhone
		{47405F56-7D53-4253-8E5E-C6D21AFE67DD}.Release|iPhone.ActiveCfg = Release|iPhone
		{47405F56-7D53-4253-8E5E-C6D21AFE67DD}.Release|iPhone.Build.0 = Release|iPhone
		{47405F56-7D53-4253-8E5E-C6D21AFE67DD}.Release|iPhone.Deploy.0 = Release|iPhone
		{47405F56-7D53-4253-8E5E-C6D21AFE67DD}.Release|iPhoneSimulator.ActiveCfg = Release|iPhoneSimulator
		{47405F56-7D53-4253-8E5E-C6D21AFE67DD}.Release|iPhoneSimulator.Build.0 = Release|iPhoneSimulator
		{47405F56-7D53-4253-8E5E-C6D21AFE67DD}.Release|iPhoneSimulator.Deploy.0 = Release|iPhoneSimulator
		{930F3366-A9BE-4EFF-A4B3-D31C4F75915A}.Debug|Any CPU.ActiveCfg = Debug|Any CPU
		{930F3366-A9BE-4EFF-A4B3-D31C4F75915A}.Debug|Any CPU.Build.0 = Debug|Any CPU
		{930F3366-A9BE-4EFF-A4B3-D31C4F75915A}.Debug|Any CPU.Deploy.0 = Debug|Any CPU
		{930F3366-A9BE-4EFF-A4B3-D31C4F75915A}.Debug|iPhone.ActiveCfg = Debug|Any CPU
		{930F3366-A9BE-4EFF-A4B3-D31C4F75915A}.Debug|iPhone.Build.0 = Debug|Any CPU
		{930F3366-A9BE-4EFF-A4B3-D31C4F75915A}.Debug|iPhone.Deploy.0 = Debug|Any CPU
		{930F3366-A9BE-4EFF-A4B3-D31C4F75915A}.Debug|iPhoneSimulator.ActiveCfg = Debug|Any CPU
		{930F3366-A9BE-4EFF-A4B3-D31C4F75915A}.Debug|iPhoneSimulator.Build.0 = Debug|Any CPU
		{930F3366-A9BE-4EFF-A4B3-D31C4F75915A}.Debug|iPhoneSimulator.Deploy.0 = Debug|Any CPU
		{930F3366-A9BE-4EFF-A4B3-D31C4F75915A}.Release|Any CPU.ActiveCfg = Release|Any CPU
		{930F3366-A9BE-4EFF-A4B3-D31C4F75915A}.Release|Any CPU.Build.0 = Release|Any CPU
		{930F3366-A9BE-4EFF-A4B3-D31C4F75915A}.Release|Any CPU.Deploy.0 = Release|Any CPU
		{930F3366-A9BE-4EFF-A4B3-D31C4F75915A}.Release|iPhone.ActiveCfg = Release|Any CPU
		{930F3366-A9BE-4EFF-A4B3-D31C4F75915A}.Release|iPhone.Build.0 = Release|Any CPU
		{930F3366-A9BE-4EFF-A4B3-D31C4F75915A}.Release|iPhone.Deploy.0 = Release|Any CPU
		{930F3366-A9BE-4EFF-A4B3-D31C4F75915A}.Release|iPhoneSimulator.ActiveCfg = Release|Any CPU
		{930F3366-A9BE-4EFF-A4B3-D31C4F75915A}.Release|iPhoneSimulator.Build.0 = Release|Any CPU
		{930F3366-A9BE-4EFF-A4B3-D31C4F75915A}.Release|iPhoneSimulator.Deploy.0 = Release|Any CPU
	EndGlobalSection
	GlobalSection(SolutionProperties) = preSolution
		HideSolutionNode = FALSE
	EndGlobalSection
	GlobalSection(ExtensibilityGlobals) = postSolution
		SolutionGuid = {17936F38-5A18-4B09-9441-03778556D992}
	EndGlobalSection
EndGlobal
